// !$*UTF8*$!
{
	archiveVersion = 1;
	classes = {
	};
	objectVersion = 55;
	objects = {

/* Begin PBXBuildFile section */
		DDFD4E2928B62A2A0054E221 /* AppDelegate.swift in Sources */ = {isa = PBXBuildFile; fileRef = DDFD4E2828B62A2A0054E221 /* AppDelegate.swift */; };
		DDFD4E2B28B62A2A0054E221 /* SceneDelegate.swift in Sources */ = {isa = PBXBuildFile; fileRef = DDFD4E2A28B62A2A0054E221 /* SceneDelegate.swift */; };
		DDFD4E2D28B62A2A0054E221 /* ViewController.swift in Sources */ = {isa = PBXBuildFile; fileRef = DDFD4E2C28B62A2A0054E221 /* ViewController.swift */; };
		DDFD4E3028B62A2A0054E221 /* Main.storyboard in Resources */ = {isa = PBXBuildFile; fileRef = DDFD4E2E28B62A2A0054E221 /* Main.storyboard */; };
		DDFD4E3228B62A2B0054E221 /* Assets.xcassets in Resources */ = {isa = PBXBuildFile; fileRef = DDFD4E3128B62A2B0054E221 /* Assets.xcassets */; };
		DDFD4E3528B62A2B0054E221 /* LaunchScreen.storyboard in Resources */ = {isa = PBXBuildFile; fileRef = DDFD4E3328B62A2B0054E221 /* LaunchScreen.storyboard */; };
		DDFD4E3D28B62DFC0054E221 /* addVC.swift in Sources */ = {isa = PBXBuildFile; fileRef = DDFD4E3C28B62DFC0054E221 /* addVC.swift */; };
/* End PBXBuildFile section */

/* Begin PBXFileReference section */
		DDFD4E2528B62A2A0054E221 /* hw25.app */ = {isa = PBXFileReference; explicitFileType = wrapper.application; includeInIndex = 0; path = hw25.app; sourceTree = BUILT_PRODUCTS_DIR; };
		DDFD4E2828B62A2A0054E221 /* AppDelegate.swift */ = {isa = PBXFileReference; lastKnownFileType = sourcecode.swift; path = AppDelegate.swift; sourceTree = "<group>"; };
		DDFD4E2A28B62A2A0054E221 /* SceneDelegate.swift */ = {isa = PBXFileReference; lastKnownFileType = sourcecode.swift; path = SceneDelegate.swift; sourceTree = "<group>"; };
		DDFD4E2C28B62A2A0054E221 /* ViewController.swift */ = {isa = PBXFileReference; lastKnownFileType = sourcecode.swift; path = ViewController.swift; sourceTree = "<group>"; };
		DDFD4E2F28B62A2A0054E221 /* Base */ = {isa = PBXFileReference; lastKnownFileType = file.storyboard; name = Base; path = Base.lproj/Main.storyboard; sourceTree = "<group>"; };
		DDFD4E3128B62A2B0054E221 /* Assets.xcassets */ = {isa = PBXFileReference; lastKnownFileType = folder.assetcatalog; path = Assets.xcassets; sourceTree = "<group>"; };
		DDFD4E3428B62A2B0054E221 /* Base */ = {isa = PBXFileReference; lastKnownFileType = file.storyboard; name = Base; path = Base.lproj/LaunchScreen.storyboard; sourceTree = "<group>"; };
		DDFD4E3628B62A2B0054E221 /* Info.plist */ = {isa = PBXFileReference; lastKnownFileType = text.plist.xml; path = Info.plist; sourceTree = "<group>"; };
		DDFD4E3C28B62DFC0054E221 /* addVC.swift */ = {isa = PBXFileReference; lastKnownFileType = sourcecode.swift; path = addVC.swift; sourceTree = "<group>"; };
/* End PBXFileReference section */

/* Begin PBXFrameworksBuildPhase section */
		DDFD4E2228B62A2A0054E221 /* Frameworks */ = {
			isa = PBXFrameworksBuildPhase;
			buildActionMask = 2147483647;
			files = (
			);
			runOnlyForDeploymentPostprocessing = 0;
		};
/* End PBXFrameworksBuildPhase section */

/* Begin PBXGroup section */
		DDFD4E1C28B62A2A0054E221 = {
			isa = PBXGroup;
			children = (
				DDFD4E2728B62A2A0054E221 /* hw25 */,
				DDFD4E2628B62A2A0054E221 /* Products */,
			);
			sourceTree = "<group>";
		};
		DDFD4E2628B62A2A0054E221 /* Products */ = {
			isa = PBXGroup;
			children = (
				DDFD4E2528B62A2A0054E221 /* hw25.app */,
			);
			name = Products;
			sourceTree = "<group>";
		};
		DDFD4E2728B62A2A0054E221 /* hw25 */ = {
			isa = PBXGroup;
			children = (
				DDFD4E2828B62A2A0054E221 /* AppDelegate.swift */,
				DDFD4E2A28B62A2A0054E221 /* SceneDelegate.swift */,
				DDFD4E2C28B62A2A0054E221 /* ViewController.swift */,
				DDFD4E3C28B62DFC0054E221 /* addVC.swift */,
				DDFD4E2E28B62A2A0054E221 /* Main.storyboard */,
				DDFD4E3128B62A2B0054E221 /* Assets.xcassets */,
				DDFD4E3328B62A2B0054E221 /* LaunchScreen.storyboard */,
				DDFD4E3628B62A2B0054E221 /* Info.plist */,
			);
			path = hw25;
			sourceTree = "<group>";
		};
/* End PBXGroup section */

/* Begin PBXNativeTarget section */
		DDFD4E2428B62A2A0054E221 /* hw25 */ = {
			isa = PBXNativeTarget;
			buildConfigurationList = DDFD4E3928B62A2B0054E221 /* Build configuration list for PBXNativeTarget "hw25" */;
			buildPhases = (
				DDFD4E2128B62A2A0054E221 /* Sources */,
				DDFD4E2228B62A2A0054E221 /* Frameworks */,
				DDFD4E2328B62A2A0054E221 /* Resources */,
			);
			buildRules = (
			);
			dependencies = (
			);
			name = hw25;
			productName = hw25;
			productReference = DDFD4E2528B62A2A0054E221 /* hw25.app */;
			productType = "com.apple.product-type.application";
		};
/* End PBXNativeTarget section */

/* Begin PBXProject section */
		DDFD4E1D28B62A2A0054E221 /* Project object */ = {
			isa = PBXProject;
			attributes = {
				BuildIndependentTargetsInParallel = 1;
				LastSwiftUpdateCheck = 1340;
				LastUpgradeCheck = 1340;
				TargetAttributes = {
					DDFD4E2428B62A2A0054E221 = {
						CreatedOnToolsVersion = 13.4.1;
					};
				};
			};
			buildConfigurationList = DDFD4E2028B62A2A0054E221 /* Build configuration list for PBXProject "hw25" */;
			compatibilityVersion = "Xcode 13.0";
			developmentRegion = en;
			hasScannedForEncodings = 0;
			knownRegions = (
				en,
				Base,
			);
			mainGroup = DDFD4E1C28B62A2A0054E221;
			productRefGroup = DDFD4E2628B62A2A0054E221 /* Products */;
			projectDirPath = "";
			projectRoot = "";
			targets = (
				DDFD4E2428B62A2A0054E221 /* hw25 */,
			);
		};
/* End PBXProject section */

/* Begin PBXResourcesBuildPhase section */
		DDFD4E2328B62A2A0054E221 /* Resources */ = {
			isa = PBXResourcesBuildPhase;
			buildActionMask = 2147483647;
			files = (
				DDFD4E3528B62A2B0054E221 /* LaunchScreen.storyboard in Resources */,
				DDFD4E3228B62A2B0054E221 /* Assets.xcassets in Resources */,
				DDFD4E3028B62A2A0054E221 /* Main.storyboard in Resources */,
			);
			runOnlyForDeploymentPostprocessing = 0;
		};
/* End PBXResourcesBuildPhase section */

/* Begin PBXSourcesBuildPhase section */
		DDFD4E2128B62A2A0054E221 /* Sources */ = {
			isa = PBXSourcesBuildPhase;
			buildActionMask = 2147483647;
			files = (
				DDFD4E3D28B62DFC0054E221 /* addVC.swift in Sources */,
				DDFD4E2D28B62A2A0054E221 /* ViewController.swift in Sources */,
				DDFD4E2928B62A2A0054E221 /* AppDelegate.swift in Sources */,
				DDFD4E2B28B62A2A0054E221 /* SceneDelegate.swift in Sources */,
			);
			runOnlyForDeploymentPostprocessing = 0;
		};
/* End PBXSourcesBuildPhase section */

/* Begin PBXVariantGroup section */
		DDFD4E2E28B62A2A0054E221 /* Main.storyboard */ = {
			isa = PBXVariantGroup;
			children = (
				DDFD4E2F28B62A2A0054E221 /* Base */,
			);
			name = Main.storyboard;
			sourceTree = "<group>";
		};
		DDFD4E3328B62A2B0054E221 /* LaunchScreen.storyboard */ = {
			isa = PBXVariantGroup;
			children = (
				DDFD4E3428B62A2B0054E221 /* Base */,
			);
			name = LaunchScreen.storyboard;
			sourceTree = "<group>";
		};
/* End PBXVariantGroup section */

/* Begin XCBuildConfiguration section */
		DDFD4E3728B62A2B0054E221 /* Debug */ = {
			isa = XCBuildConfiguration;
			buildSettings = {
				ALWAYS_SEARCH_USER_PATHS = NO;
				CLANG_ANALYZER_NONNULL = YES;
				CLANG_ANALYZER_NUMBER_OBJECT_CONVERSION = YES_AGGRESSIVE;
				CLANG_CXX_LANGUAGE_STANDARD = "gnu++17";
				CLANG_ENABLE_MODULES = YES;
				CLANG_ENABLE_OBJC_ARC = YES;
				CLANG_ENABLE_OBJC_WEAK = YES;
				CLANG_WARN_BLOCK_CAPTURE_AUTORELEASING = YES;
				CLANG_WARN_BOOL_CONVERSION = YES;
				CLANG_WARN_COMMA = YES;
				CLANG_WARN_CONSTANT_CONVERSION = YES;
				CLANG_WARN_DEPRECATED_OBJC_IMPLEMENTATIONS = YES;
				CLANG_WARN_DIRECT_OBJC_ISA_USAGE = YES_ERROR;
				CLANG_WARN_DOCUMENTATION_COMMENTS = YES;
				CLANG_WARN_EMPTY_BODY = YES;
				CLANG_WARN_ENUM_CONVERSION = YES;
				CLANG_WARN_INFINITE_RECURSION = YES;
				CLANG_WARN_INT_CONVERSION = YES;
				CLANG_WARN_NON_LITERAL_NULL_CONVERSION = YES;
				CLANG_WARN_OBJC_IMPLICIT_RETAIN_SELF = YES;
				CLANG_WARN_OBJC_LITERAL_CONVERSION = YES;
				CLANG_WARN_OBJC_ROOT_CLASS = YES_ERROR;
				CLANG_WARN_QUOTED_INCLUDE_IN_FRAMEWORK_HEADER = YES;
				CLANG_WARN_RANGE_LOOP_ANALYSIS = YES;
				CLANG_WARN_STRICT_PROTOTYPES = YES;
				CLANG_WARN_SUSPICIOUS_MOVE = YES;
				CLANG_WARN_UNGUARDED_AVAILABILITY = YES_AGGRESSIVE;
				CLANG_WARN_UNREACHABLE_CODE = YES;
				CLANG_WARN__DUPLICATE_METHOD_MATCH = YES;
				COPY_PHASE_STRIP = NO;
				DEBUG_INFORMATION_FORMAT = dwarf;
				ENABLE_STRICT_OBJC_MSGSEND = YES;
				ENABLE_TESTABILITY = YES;
				GCC_C_LANGUAGE_STANDARD = gnu11;
				GCC_DYNAMIC_NO_PIC = NO;
				GCC_NO_COMMON_BLOCKS = YES;
				GCC_OPTIMIZATION_LEVEL = 0;
				GCC_PREPROCESSOR_DEFINITIONS = (
					"DEBUG=1",
					"$(inherited)",
				);
				GCC_WARN_64_TO_32_BIT_CONVERSION = YES;
				GCC_WARN_ABOUT_RETURN_TYPE = YES_ERROR;
				GCC_WARN_UNDECLARED_SELECTOR = YES;
				GCC_WARN_UNINITIALIZED_AUTOS = YES_AGGRESSIVE;
				GCC_WARN_UNUSED_FUNCTION = YES;
				GCC_WARN_UNUSED_VARIABLE = YES;
				IPHONEOS_DEPLOYMENT_TARGET = 15.5;
				MTL_ENABLE_DEBUG_INFO = INCLUDE_SOURCE;
				MTL_FAST_MATH = YES;
				ONLY_ACTIVE_ARCH = YES;
				SDKROOT = iphoneos;
				SWIFT_ACTIVE_COMPILATION_CONDITIONS = DEBUG;
				SWIFT_OPTIMIZATION_LEVEL = "-Onone";
			};
			name = Debug;
		};
		DDFD4E3828B62A2B0054E221 /* Release */ = {
			isa = XCBuildConfiguration;
			buildSettings = {
				ALWAYS_SEARCH_USER_PATHS = NO;
				CLANG_ANALYZER_NONNULL = YES;
				CLANG_ANALYZER_NUMBER_OBJECT_CONVERSION = YES_AGGRESSIVE;
				CLANG_CXX_LANGUAGE_STANDARD = "gnu++17";
				CLANG_ENABLE_MODULES = YES;
				CLANG_ENABLE_OBJC_ARC = YES;
				CLANG_ENABLE_OBJC_WEAK = YES;
				CLANG_WARN_BLOCK_CAPTURE_AUTORELEASING = YES;
				CLANG_WARN_BOOL_CONVERSION = YES;
				CLANG_WARN_COMMA = YES;
				CLANG_WARN_CONSTANT_CONVERSION = YES;
				CLANG_WARN_DEPRECATED_OBJC_IMPLEMENTATIONS = YES;
				CLANG_WARN_DIRECT_OBJC_ISA_USAGE = YES_ERROR;
				CLANG_WARN_DOCUMENTATION_COMMENTS = YES;
				CLANG_WARN_EMPTY_BODY = YES;
				CLANG_WARN_ENUM_CONVERSION = YES;
				CLANG_WARN_INFINITE_RECURSION = YES;
				CLANG_WARN_INT_CONVERSION = YES;
				CLANG_WARN_NON_LITERAL_NULL_CONVERSION = YES;
				CLANG_WARN_OBJC_IMPLICIT_RETAIN_SELF = YES;
				CLANG_WARN_OBJC_LITERAL_CONVERSION = YES;
				CLANG_WARN_OBJC_ROOT_CLASS = YES_ERROR;
				CLANG_WARN_QUOTED_INCLUDE_IN_FRAMEWORK_HEADER = YES;
				CLANG_WARN_RANGE_LOOP_ANALYSIS = YES;
				CLANG_WARN_STRICT_PROTOTYPES = YES;
				CLANG_WARN_SUSPICIOUS_MOVE = YES;
				CLANG_WARN_UNGUARDED_AVAILABILITY = YES_AGGRESSIVE;
				CLANG_WARN_UNREACHABLE_CODE = YES;
				CLANG_WARN__DUPLICATE_METHOD_MATCH = YES;
				COPY_PHASE_STRIP = NO;
				DEBUG_INFORMATION_FORMAT = "dwarf-with-dsym";
				ENABLE_NS_ASSERTIONS = NO;
				ENABLE_STRICT_OBJC_MSGSEND = YES;
				GCC_C_LANGUAGE_STANDARD = gnu11;
				GCC_NO_COMMON_BLOCKS = YES;
				GCC_WARN_64_TO_32_BIT_CONVERSION = YES;
				GCC_WARN_ABOUT_RETURN_TYPE = YES_ERROR;
				GCC_WARN_UNDECLARED_SELECTOR = YES;
				GCC_WARN_UNINITIALIZED_AUTOS = YES_AGGRESSIVE;
				GCC_WARN_UNUSED_FUNCTION = YES;
				GCC_WARN_UNUSED_VARIABLE = YES;
				IPHONEOS_DEPLOYMENT_TARGET = 15.5;
				MTL_ENABLE_DEBUG_INFO = NO;
				MTL_FAST_MATH = YES;
				SDKROOT = iphoneos;
				SWIFT_COMPILATION_MODE = wholemodule;
				SWIFT_OPTIMIZATION_LEVEL = "-O";
				VALIDATE_PRODUCT = YES;
			};
			name = Release;
		};
		DDFD4E3A28B62A2B0054E221 /* Debug */ = {
			isa = XCBuildConfiguration;
			buildSettings = {
				ASSETCATALOG_COMPILER_APPICON_NAME = AppIcon;
				ASSETCATALOG_COMPILER_GLOBAL_ACCENT_COLOR_NAME = AccentColor;
				CODE_SIGN_STYLE = Automatic;
				CURRENT_PROJECT_VERSION = 1;
				DEVELOPMENT_TEAM = 56GMZRX38N;
				GENERATE_INFOPLIST_FILE = YES;
				INFOPLIST_FILE = hw25/Info.plist;
				INFOPLIST_KEY_UIApplicationSupportsIndirectInputEvents = YES;
				INFOPLIST_KEY_UILaunchStoryboardName = LaunchScreen;
				INFOPLIST_KEY_UIMainStoryboardFile = Main;
				INFOPLIST_KEY_UISupportedInterfaceOrientations_iPad = "UIInterfaceOrientationPortrait UIInterfaceOrientationPortraitUpsideDown UIInterfaceOrientationLandscapeLeft UIInterfaceOrientationLandscapeRight";
				INFOPLIST_KEY_UISupportedInterfaceOrientations_iPhone = "UIInterfaceOrientationPortrait UIInterfaceOrientationLandscapeLeft UIInterfaceOrientationLandscapeRight";
				LD_RUNPATH_SEARCH_PATHS = (
					"$(inherited)",
					"@executable_path/Frameworks",
				);
				MARKETING_VERSION = 1.0;
				PRODUCT_BUNDLE_IDENTIFIER = com.TBCLectures.hw25;
				PRODUCT_NAME = "$(TARGET_NAME)";
				SWIFT_EMIT_LOC_STRINGS = YES;
				SWIFT_VERSION = 5.0;
				TARGETED_DEVICE_FAMILY = "1,2";
			};
			name = Debug;
		};
		DDFD4E3B28B62A2B0054E221 /* Release */ = {
			isa = XCBuildConfiguration;
			buildSettings = {
				ASSETCATALOG_COMPILER_APPICON_NAME = AppIcon;
				ASSETCATALOG_COMPILER_GLOBAL_ACCENT_COLOR_NAME = AccentColor;
				CODE_SIGN_STYLE = Automatic;
				CURRENT_PROJECT_VERSION = 1;
				DEVELOPMENT_TEAM = 56GMZRX38N;
				GENERATE_INFOPLIST_FILE = YES;
				INFOPLIST_FILE = hw25/Info.plist;
				INFOPLIST_KEY_UIApplicationSupportsIndirectInputEvents = YES;
				INFOPLIST_KEY_UILaunchStoryboardName = LaunchScreen;
				INFOPLIST_KEY_UIMainStoryboardFile = Main;
				INFOPLIST_KEY_UISupportedInterfaceOrientations_iPad = "UIInterfaceOrientationPortrait UIInterfaceOrientationPortraitUpsideDown UIInterfaceOrientationLandscapeLeft UIInterfaceOrientationLandscapeRight";
				INFOPLIST_KEY_UISupportedInterfaceOrientations_iPhone = "UIInterfaceOrientationPortrait UIInterfaceOrientationLandscapeLeft UIInterfaceOrientationLandscapeRight";
				LD_RUNPATH_SEARCH_PATHS = (
					"$(inherited)",
					"@executable_path/Frameworks",
				);
				MARKETING_VERSION = 1.0;
				PRODUCT_BUNDLE_IDENTIFIER = com.TBCLectures.hw25;
				PRODUCT_NAME = "$(TARGET_NAME)";
				SWIFT_EMIT_LOC_STRINGS = YES;
				SWIFT_VERSION = 5.0;
				TARGETED_DEVICE_FAMILY = "1,2";
			};
			name = Release;
		};
/* End XCBuildConfiguration section */

/* Begin XCConfigurationList section */
		DDFD4E2028B62A2A0054E221 /* Build configuration list for PBXProject "hw25" */ = {
			isa = XCConfigurationList;
			buildConfigurations = (
				DDFD4E3728B62A2B0054E221 /* Debug */,
				DDFD4E3828B62A2B0054E221 /* Release */,
			);
			defaultConfigurationIsVisible = 0;
			defaultConfigurationName = Release;
		};
		DDFD4E3928B62A2B0054E221 /* Build configuration list for PBXNativeTarget "hw25" */ = {
			isa = XCConfigurationList;
			buildConfigurations = (
				DDFD4E3A28B62A2B0054E221 /* Debug */,
				DDFD4E3B28B62A2B0054E221 /* Release */,
			);
			defaultConfigurationIsVisible = 0;
			defaultConfigurationName = Release;
		};
/* End XCConfigurationList section */
	};
	rootObject = DDFD4E1D28B62A2A0054E221 /* Project object */;
}
